
Microsoft Visual Studio Solution File, Format Version 12.00
# Visual Studio Version 17
VisualStudioVersion = 17.9.34622.214
MinimumVisualStudioVersion = 10.0.40219.1
Project("{FAE04EC0-301F-11D3-BF4B-00C04F79EFBC}") = "Metronome", "Metronome.csproj", "{6B130690-744E-44B5-B0D2-BA252084B3A6}"
EndProject
Global
	GlobalSection(SolutionConfigurationPlatforms) = preSolution
		Debug|Any CPU = Debug|Any CPU
		Release|Any CPU = Release|Any CPU
	EndGlobalSection
	GlobalSection(ProjectConfigurationPlatforms) = postSolution
		{6B130690-744E-44B5-B0D2-BA252084B3A6}.Debug|Any CPU.ActiveCfg = Debug|Any CPU
		{6B130690-744E-44B5-B0D2-BA252084B3A6}.Debug|Any CPU.Build.0 = Debug|Any CPU
		{6B130690-744E-44B5-B0D2-BA252084B3A6}.Release|Any CPU.ActiveCfg = Release|Any CPU
		{6B130690-744E-44B5-B0D2-BA252084B3A6}.Release|Any CPU.Build.0 = Release|Any CPU
	EndGlobalSection
	GlobalSection(SolutionProperties) = preSolution
		HideSolutionNode = FALSE
	EndGlobalSection
	GlobalSection(ExtensibilityGlobals) = postSolution
		SolutionGuid = {CF05ABB8-E23D-44CA-8EC3-0B75D2682EF2}
	EndGlobalSection
EndGlobal
